
Microsoft Visual Studio Solution File, Format Version 12.00
# Visual Studio 15
VisualStudioVersion = 15.0.27703.2026
MinimumVisualStudioVersion = 10.0.40219.1
Project("{FAE04EC0-301F-11D3-BF4B-00C04F79EFBC}") = "Utilities.Serialization", "Utilities.Serialization\Utilities.Serialization.csproj", "{DE6E7854-3E50-4942-9C4F-A530E5731B01}"
EndProject
Global
	GlobalSection(SolutionConfigurationPlatforms) = preSolution
		Debug|Any CPU = Debug|Any CPU
		Release|Any CPU = Release|Any CPU
	EndGlobalSection
	GlobalSection(ProjectConfigurationPlatforms) = postSolution
		{DE6E7854-3E50-4942-9C4F-A530E5731B01}.Debug|Any CPU.ActiveCfg = Debug|Any CPU
		{DE6E7854-3E50-4942-9C4F-A530E5731B01}.Debug|Any CPU.Build.0 = Debug|Any CPU
		{DE6E7854-3E50-4942-9C4F-A530E5731B01}.Release|Any CPU.ActiveCfg = Release|Any CPU
		{DE6E7854-3E50-4942-9C4F-A530E5731B01}.Release|Any CPU.Build.0 = Release|Any CPU
	EndGlobalSection
	GlobalSection(SolutionProperties) = preSolution
		HideSolutionNode = FALSE
	EndGlobalSection
	GlobalSection(ExtensibilityGlobals) = postSolution
		SolutionGuid = {87D65B3E-BAF0-44D1-B67F-129D81B63954}
	EndGlobalSection
EndGlobal
